
Microsoft Visual Studio Solution File, Format Version 12.00
# Visual Studio Version 17
VisualStudioVersion = 17.9.34622.214
MinimumVisualStudioVersion = 10.0.40219.1
Project("{8BC9CEB8-8B4A-11D0-8D11-00A0C91BC942}") = "exam9_5", "exam9_5\exam9_5.vcxproj", "{82348525-F3B0-4C1C-9D5E-CF60A2FD9F75}"
EndProject
Global
	GlobalSection(SolutionConfigurationPlatforms) = preSolution
		Debug|x64 = Debug|x64
		Debug|x86 = Debug|x86
		Release|x64 = Release|x64
		Release|x86 = Release|x86
	EndGlobalSection
	GlobalSection(ProjectConfigurationPlatforms) = postSolution
		{82348525-F3B0-4C1C-9D5E-CF60A2FD9F75}.Debug|x64.ActiveCfg = Debug|x64
		{82348525-F3B0-4C1C-9D5E-CF60A2FD9F75}.Debug|x64.Build.0 = Debug|x64
		{82348525-F3B0-4C1C-9D5E-CF60A2FD9F75}.Debug|x86.ActiveCfg = Debug|Win32
		{82348525-F3B0-4C1C-9D5E-CF60A2FD9F75}.Debug|x86.Build.0 = Debug|Win32
		{82348525-F3B0-4C1C-9D5E-CF60A2FD9F75}.Release|x64.ActiveCfg = Release|x64
		{82348525-F3B0-4C1C-9D5E-CF60A2FD9F75}.Release|x64.Build.0 = Release|x64
		{82348525-F3B0-4C1C-9D5E-CF60A2FD9F75}.Release|x86.ActiveCfg = Release|Win32
		{82348525-F3B0-4C1C-9D5E-CF60A2FD9F75}.Release|x86.Build.0 = Release|Win32
	EndGlobalSection
	GlobalSection(SolutionProperties) = preSolution
		HideSolutionNode = FALSE
	EndGlobalSection
	GlobalSection(ExtensibilityGlobals) = postSolution
		SolutionGuid = {C5300B59-C39D-4703-856A-1B0F3985192D}
	EndGlobalSection
EndGlobal
